{
  "name": "binding-perf",
  "version": "1.0.0",
  "lockfileVersion": 3,
  "requires": true,
  "packages": {
    "": {
      "name": "binding-perf",
      "version": "1.0.0",
      "license": "MIT",
      "devDependencies": {
        "@swarmmachina/benchkit": "0.2.0",
        "@swarmmachina/swm-core": "4.1.1"
      },
      "engines": {
        "node": "24.x"
      }
    },
    "node_modules/@swarmmachina/benchkit": {
      "version": "0.2.0",
      "resolved": "https://registry.npmjs.org/@swarmmachina/benchkit/-/benchkit-0.2.0.tgz",
      "integrity": "sha512-dqCWeh/wMc0pC2wmdOjzqFVYRJg6snDrLWMEVfkNkxzhqLw7805Q+ox512Vy+gdfV8U8ibbqS4q4rsG4mP1Ltg==",
      "dev": true,
      "license": "MPL-2.0",
      "bin": {
        "benchkit-agent": "dist/agent/cli.js"
      },
      "engines": {
        "node": "^22.13.0 || 24.x"
      }
    },
    "node_modules/@swarmmachina/swm-core": {
      "version": "4.1.1",
      "resolved": "https://registry.npmjs.org/@swarmmachina/swm-core/-/swm-core-4.1.1.tgz",
      "integrity": "sha512-taBF94dryMeq9osD+ol2cRdBtmdPyPPIdUaTRM8sAfSxBCBAdEqvlcNAjqdtm2iVNpUIZm33Nc0ifJcrpu5Tpg==",
      "dev": true,
      "license": "MPL-2.0",
      "dependencies": {
        "@swarmmachina/swm-uws": "0.5.7"
      },
      "engines": {
        "node": "22.x || 24.x"
      }
    },
    "node_modules/@swarmmachina/swm-uws": {
      "version": "0.5.7",
      "resolved": "https://registry.npmjs.org/@swarmmachina/swm-uws/-/swm-uws-0.5.7.tgz",
      "integrity": "sha512-spKJ7M5k0VM0zJJ4Cg+B3tUKgAcPziWo9zHnXVbWyV2FLKRTLw7jGELyNcfjDRAC3Pv4C5m2OM3/gmRdMhKFKg==",
      "dev": true,
      "license": "MPL-2.0",
      "engines": {
        "node": "22.x || 24.x"
      }
    }
  }
}
